{
  "name": "layer8",
  "lockfileVersion": 3,
  "requires": true,
  "packages": {
    "": {
      "dependencies": {
        "layer8-middleware": "^0.0.1"
      }
    },
    "node_modules/layer8-middleware": {
      "version": "0.0.1",
      "resolved": "https://registry.npmjs.org/layer8-middleware/-/layer8-middleware-0.0.1.tgz",
      "integrity": "sha512-chrqt74SxYxw7r8bnibGpN2jTGU6nypBVEbjl/gQL/gDelZPa4+el3HNT7D8HYkgMQr3xvv8r67TkwtMawKhLQ=="
    }
  }
}
